
Microsoft Visual Studio Solution File, Format Version 12.00
# Visual Studio Version 17
VisualStudioVersion = 17.4.33205.214
MinimumVisualStudioVersion = 10.0.40219.1
Project("{9A19103F-16F7-4668-BE54-9A1E7A4F7556}") = "ILSA.Core", "ILSA.Core\ILSA.Core.csproj", "{DFD88BDB-B347-48D6-A72F-F5499EE74614}"
EndProject
Project("{9A19103F-16F7-4668-BE54-9A1E7A4F7556}") = "ILSA.Core.Tests", "ILSA.Core.Tests\ILSA.Core.Tests.csproj", "{C701A79C-0ADA-471F-AC03-44F455534DA0}"
	ProjectSection(ProjectDependencies) = postProject
		{DFD88BDB-B347-48D6-A72F-F5499EE74614} = {DFD88BDB-B347-48D6-A72F-F5499EE74614}
	EndProjectSection
EndProject
Project("{9A19103F-16F7-4668-BE54-9A1E7A4F7556}") = "ILSA.Client", "ILSA.Client\ILSA.Client.csproj", "{5FCF3F4E-D702-4669-B5E1-AE274896B682}"
	ProjectSection(ProjectDependencies) = postProject
		{DFD88BDB-B347-48D6-A72F-F5499EE74614} = {DFD88BDB-B347-48D6-A72F-F5499EE74614}
	EndProjectSection
EndProject
Project("{2150E333-8FDC-42A3-9474-1A3956D46DE8}") = "Solution Items", "Solution Items", "{10A2C6F7-F67E-4EA9-942C-2DE9B2E46EFD}"
	ProjectSection(SolutionItems) = preProject
		LICENSE.TXT = LICENSE.TXT
		readme.md = readme.md
	EndProjectSection
EndProject
Project("{2150E333-8FDC-42A3-9474-1A3956D46DE8}") = "IMGS", "IMGS", "{CB86B69C-31E8-439E-A18C-2EC4FA6431A5}"
	ProjectSection(SolutionItems) = preProject
		IMGS\BackTrace.png = IMGS\BackTrace.png
		IMGS\Classes.png = IMGS\Classes.png
		IMGS\Patterns.png = IMGS\Patterns.png
	EndProjectSection
EndProject
Global
	GlobalSection(SolutionConfigurationPlatforms) = preSolution
		Debug|Any CPU = Debug|Any CPU
		Release|Any CPU = Release|Any CPU
	EndGlobalSection
	GlobalSection(ProjectConfigurationPlatforms) = postSolution
		{DFD88BDB-B347-48D6-A72F-F5499EE74614}.Debug|Any CPU.ActiveCfg = Debug|Any CPU
		{DFD88BDB-B347-48D6-A72F-F5499EE74614}.Debug|Any CPU.Build.0 = Debug|Any CPU
		{DFD88BDB-B347-48D6-A72F-F5499EE74614}.Release|Any CPU.ActiveCfg = Release|Any CPU
		{DFD88BDB-B347-48D6-A72F-F5499EE74614}.Release|Any CPU.Build.0 = Release|Any CPU
		{C701A79C-0ADA-471F-AC03-44F455534DA0}.Debug|Any CPU.ActiveCfg = Debug|Any CPU
		{C701A79C-0ADA-471F-AC03-44F455534DA0}.Debug|Any CPU.Build.0 = Debug|Any CPU
		{C701A79C-0ADA-471F-AC03-44F455534DA0}.Release|Any CPU.ActiveCfg = Release|Any CPU
		{C701A79C-0ADA-471F-AC03-44F455534DA0}.Release|Any CPU.Build.0 = Release|Any CPU
		{5FCF3F4E-D702-4669-B5E1-AE274896B682}.Debug|Any CPU.ActiveCfg = Debug|Any CPU
		{5FCF3F4E-D702-4669-B5E1-AE274896B682}.Debug|Any CPU.Build.0 = Debug|Any CPU
		{5FCF3F4E-D702-4669-B5E1-AE274896B682}.Release|Any CPU.ActiveCfg = Release|Any CPU
		{5FCF3F4E-D702-4669-B5E1-AE274896B682}.Release|Any CPU.Build.0 = Release|Any CPU
	EndGlobalSection
	GlobalSection(SolutionProperties) = preSolution
		HideSolutionNode = FALSE
	EndGlobalSection
	GlobalSection(NestedProjects) = preSolution
		{CB86B69C-31E8-439E-A18C-2EC4FA6431A5} = {10A2C6F7-F67E-4EA9-942C-2DE9B2E46EFD}
	EndGlobalSection
	GlobalSection(ExtensibilityGlobals) = postSolution
		SolutionGuid = {47A3A7E2-A502-41FF-A404-EB121224A285}
	EndGlobalSection
EndGlobal
